
Microsoft Visual Studio Solution File, Format Version 12.00
# Visual Studio Version 17
VisualStudioVersion = 17.8.34525.116
MinimumVisualStudioVersion = 10.0.40219.1
Project("{FAE04EC0-301F-11D3-BF4B-00C04F79EFBC}") = "ClonePizzaMaui", "ClonePizzaMaui\ClonePizzaMaui.csproj", "{3C54DB8F-B2F5-4B79-A253-D8E4EDA3AD6B}"
EndProject
Global
	GlobalSection(SolutionConfigurationPlatforms) = preSolution
		Debug|Any CPU = Debug|Any CPU
		Release|Any CPU = Release|Any CPU
	EndGlobalSection
	GlobalSection(ProjectConfigurationPlatforms) = postSolution
		{3C54DB8F-B2F5-4B79-A253-D8E4EDA3AD6B}.Debug|Any CPU.ActiveCfg = Debug|Any CPU
		{3C54DB8F-B2F5-4B79-A253-D8E4EDA3AD6B}.Debug|Any CPU.Build.0 = Debug|Any CPU
		{3C54DB8F-B2F5-4B79-A253-D8E4EDA3AD6B}.Debug|Any CPU.Deploy.0 = Debug|Any CPU
		{3C54DB8F-B2F5-4B79-A253-D8E4EDA3AD6B}.Release|Any CPU.ActiveCfg = Release|Any CPU
		{3C54DB8F-B2F5-4B79-A253-D8E4EDA3AD6B}.Release|Any CPU.Build.0 = Release|Any CPU
		{3C54DB8F-B2F5-4B79-A253-D8E4EDA3AD6B}.Release|Any CPU.Deploy.0 = Release|Any CPU
	EndGlobalSection
	GlobalSection(SolutionProperties) = preSolution
		HideSolutionNode = FALSE
	EndGlobalSection
	GlobalSection(ExtensibilityGlobals) = postSolution
		SolutionGuid = {F211BF06-3D1C-4672-9870-F90F8CEC846F}
	EndGlobalSection
EndGlobal
